
Microsoft Visual Studio Solution File, Format Version 12.00
# Visual Studio Version 16
VisualStudioVersion = 16.0.30804.86
MinimumVisualStudioVersion = 10.0.40219.1
Project("{2150E333-8FDC-42A3-9474-1A3956D46DE8}") = "ShopManagement", "ShopManagement", "{3BEC14D5-0940-409C-85BC-2E523CA6E2D1}"
EndProject
Project("{2150E333-8FDC-42A3-9474-1A3956D46DE8}") = "SM.Application", "SM.Application", "{0B3DFB3F-AFEA-48DE-ADB7-870A2A50A3BA}"
EndProject
Project("{2150E333-8FDC-42A3-9474-1A3956D46DE8}") = "SM.Domain", "SM.Domain", "{3E9E4F23-97B4-4543-BEB8-9D580C902401}"
EndProject
Project("{9A19103F-16F7-4668-BE54-9A1E7A4F7556}") = "ShopManagement.Domain", "ShopManagement.Domian\ShopManagement.Domain.csproj", "{D53CE831-2687-4868-97AF-781478212425}"
EndProject
Project("{9A19103F-16F7-4668-BE54-9A1E7A4F7556}") = "ShopManagement.Application.Contracts", "ShopManagement.Application.Contracts\ShopManagement.Application.Contracts.csproj", "{140EBB84-83D0-4436-BBD3-5E31C805C1F7}"
EndProject
Project("{9A19103F-16F7-4668-BE54-9A1E7A4F7556}") = "ShopManagement.Application", "ShopManagement.Application\ShopManagement.Application.csproj", "{00190EA7-8076-4FE9-B5FA-F31440EA35AE}"
EndProject
Project("{9A19103F-16F7-4668-BE54-9A1E7A4F7556}") = "0_Framework", "0_Framework\0_Framework.csproj", "{9D09A09F-2353-42A7-88AF-20892B7B9E32}"
EndProject
Project("{2150E333-8FDC-42A3-9474-1A3956D46DE8}") = "SM.Infrastructure", "SM.Infrastructure", "{AB782582-A34F-4BC7-B3CB-5578B13FB9B1}"
EndProject
Project("{9A19103F-16F7-4668-BE54-9A1E7A4F7556}") = "ShopManagement.Infrastructure.EfCore", "ShopManagement.Infrastructure.EfCore\ShopManagement.Infrastructure.EfCore.csproj", "{6D346A37-18F9-41B6-B937-93DAA559CF54}"
EndProject
Project("{9A19103F-16F7-4668-BE54-9A1E7A4F7556}") = "ShopManagement.Configuration", "ShopManagement.Configuration\ShopManagement.Configuration.csproj", "{0CC1B1F7-0D60-46D1-9948-AD66D3E7E82A}"
EndProject
Project("{9A19103F-16F7-4668-BE54-9A1E7A4F7556}") = "ServiceHost", "ServiceHost\ServiceHost.csproj", "{C33D6710-E3A1-43AD-BC35-A914D07DE2AE}"
EndProject
Project("{9A19103F-16F7-4668-BE54-9A1E7A4F7556}") = "01_lampshadeQuery", "01_lampshadeQuery\01_lampshadeQuery.csproj", "{65E6ECC9-E2D8-4B3D-B46A-C27E9584DD97}"
EndProject
Project("{2150E333-8FDC-42A3-9474-1A3956D46DE8}") = "DiscountManagement", "DiscountManagement", "{0647B6ED-6314-46C3-B659-767E3218491E}"
EndProject
Project("{2150E333-8FDC-42A3-9474-1A3956D46DE8}") = "DM.Application", "DM.Application", "{3423BBF0-5157-4140-937E-298AB789CECF}"
EndProject
Project("{2150E333-8FDC-42A3-9474-1A3956D46DE8}") = "DM.Domain", "DM.Domain", "{00064E0A-C40C-457D-AACB-88C8072F6627}"
EndProject
Project("{2150E333-8FDC-42A3-9474-1A3956D46DE8}") = "DM.Infrastructure", "DM.Infrastructure", "{27E1DD5E-6723-45F4-B0D5-92A07553E789}"
EndProject
Project("{9A19103F-16F7-4668-BE54-9A1E7A4F7556}") = "DiscountManagement.Application", "ِ\DiscountManagement.Application.csproj", "{5D35FEF2-3FCD-4EFD-B8EC-56C4E7D0F947}"
EndProject
Project("{9A19103F-16F7-4668-BE54-9A1E7A4F7556}") = "DiscountManagement.Application.Contracts", "DiscountManagement.Application.Contracts\DiscountManagement.Application.Contracts.csproj", "{1BF5CDD9-D406-48D6-820D-34FD13B33E4B}"
EndProject
Project("{9A19103F-16F7-4668-BE54-9A1E7A4F7556}") = "DiscountManagement.Domain", "DiscountManagement.Domain\DiscountManagement.Domain.csproj", "{3E6DFE09-ECA7-4F6B-92F6-ABECFDD1E7EE}"
EndProject
Project("{9A19103F-16F7-4668-BE54-9A1E7A4F7556}") = "DiscountManagement.Infrastructure.EfCore", "DiscountManagement.Infrastructure.EfCore\DiscountManagement.Infrastructure.EfCore.csproj", "{A6DF66DC-1A30-4472-B58A-AEA5EF57102B}"
EndProject
Project("{9A19103F-16F7-4668-BE54-9A1E7A4F7556}") = "DiscountManagement.Configuration", "DiscountManagement.Configuration\DiscountManagement.Configuration.csproj", "{317F7B59-A1D6-4B73-95F7-949E9EC23F8F}"
EndProject
Project("{2150E333-8FDC-42A3-9474-1A3956D46DE8}") = "InventoryManagement", "InventoryManagement", "{0605056F-A5B4-492C-9F6C-03B0EE3E094B}"
EndProject
Project("{2150E333-8FDC-42A3-9474-1A3956D46DE8}") = "IM.Domain", "IM.Domain", "{580F7DA3-EB98-4A35-B852-F34233C2A4F7}"
EndProject
Project("{9A19103F-16F7-4668-BE54-9A1E7A4F7556}") = "InventoryManagement.Domain", "InventoryManagement.Domain\InventoryManagement.Domain.csproj", "{113F380D-2633-41B4-A61F-F6BAC5D0B9E0}"
EndProject
Project("{2150E333-8FDC-42A3-9474-1A3956D46DE8}") = "IM.Application", "IM.Application", "{6AFBAA1B-7234-4A01-8FC9-F9E237A5FA18}"
EndProject
Project("{9A19103F-16F7-4668-BE54-9A1E7A4F7556}") = "InventoryManagement.Application.Contract", "InventoryManagement.Application.Contract\InventoryManagement.Application.Contract.csproj", "{C6322675-0099-4F67-AF12-3DEFB794DE13}"
EndProject
Project("{2150E333-8FDC-42A3-9474-1A3956D46DE8}") = "IM.Infrastructure", "IM.Infrastructure", "{5F42DD37-606F-4FA9-8379-01727C8CF540}"
EndProject
Project("{9A19103F-16F7-4668-BE54-9A1E7A4F7556}") = "InventoryManagement.Infrastructure.EfCore", "InventoryManagement.Infrastructure.EfCore\InventoryManagement.Infrastructure.EfCore.csproj", "{44D0E707-319D-4E9E-A8B0-E6E2AA572571}"
EndProject
Project("{9A19103F-16F7-4668-BE54-9A1E7A4F7556}") = "InventoryManagement.Configuration", "InventoryManagement.Configuration\InventoryManagement.Configuration.csproj", "{A03CCB6F-BCFA-42C8-A8DD-9ED772600CC1}"
EndProject
Project("{9A19103F-16F7-4668-BE54-9A1E7A4F7556}") = "InventoryManagement.Application", "InventoryManagement.Application\InventoryManagement.Application.csproj", "{19DC891F-1336-4857-B98E-2D24BE77BAA5}"
EndProject
Project("{2150E333-8FDC-42A3-9474-1A3956D46DE8}") = "BlogManagement", "BlogManagement", "{BDD0FE5D-EB5B-4CFD-9B17-E3434BDF3CC4}"
EndProject
Project("{2150E333-8FDC-42A3-9474-1A3956D46DE8}") = "BM.Domain", "BM.Domain", "{DA8E9879-6132-4929-972C-95616336B2C1}"
EndProject
Project("{2150E333-8FDC-42A3-9474-1A3956D46DE8}") = "BM.Application", "BM.Application", "{B9466AE3-430B-4B70-9823-B0EF43EDB799}"
EndProject
Project("{2150E333-8FDC-42A3-9474-1A3956D46DE8}") = "BM.Infrastructure", "BM.Infrastructure", "{C1DE10A6-7887-41F3-906A-7E7E0A5605E2}"
EndProject
Project("{9A19103F-16F7-4668-BE54-9A1E7A4F7556}") = "BlogManagement.Application", "BlogManagement.Application\BlogManagement.Application.csproj", "{08EF9CA5-DC11-48E2-A42A-AC4182C28BB2}"
EndProject
Project("{9A19103F-16F7-4668-BE54-9A1E7A4F7556}") = "BlogManagement.Application.Contracts", "BlogManagement.Application.Contracts\BlogManagement.Application.Contracts.csproj", "{B9632B86-4A77-4D75-AEE7-16AA850905B1}"
EndProject
Project("{9A19103F-16F7-4668-BE54-9A1E7A4F7556}") = "BlogManagement.Infrastructure.EfCore", "BlogManagement.Infrastructure.EfCore\BlogManagement.Infrastructure.EfCore.csproj", "{A6FEC9A5-84EF-4629-8D94-8EE5FC9CB332}"
EndProject
Project("{9A19103F-16F7-4668-BE54-9A1E7A4F7556}") = "BlogManagement.Domain", "BlogManagement.Domain\BlogManagement.Domain.csproj", "{F1B0A50E-680D-4B48-B658-E842D59351B0}"
EndProject
Project("{9A19103F-16F7-4668-BE54-9A1E7A4F7556}") = "BlogManagement.Infrastructure.Configuration", "BlogManagement.Infrastructure.Configuration\BlogManagement.Infrastructure.Configuration.csproj", "{390EBA54-7B80-4690-A7E1-A2AAA0742013}"
EndProject
Global
	GlobalSection(SolutionConfigurationPlatforms) = preSolution
		Debug|Any CPU = Debug|Any CPU
		Release|Any CPU = Release|Any CPU
	EndGlobalSection
	GlobalSection(ProjectConfigurationPlatforms) = postSolution
		{D53CE831-2687-4868-97AF-781478212425}.Debug|Any CPU.ActiveCfg = Debug|Any CPU
		{D53CE831-2687-4868-97AF-781478212425}.Debug|Any CPU.Build.0 = Debug|Any CPU
		{D53CE831-2687-4868-97AF-781478212425}.Release|Any CPU.ActiveCfg = Release|Any CPU
		{D53CE831-2687-4868-97AF-781478212425}.Release|Any CPU.Build.0 = Release|Any CPU
		{140EBB84-83D0-4436-BBD3-5E31C805C1F7}.Debug|Any CPU.ActiveCfg = Debug|Any CPU
		{140EBB84-83D0-4436-BBD3-5E31C805C1F7}.Debug|Any CPU.Build.0 = Debug|Any CPU
		{140EBB84-83D0-4436-BBD3-5E31C805C1F7}.Release|Any CPU.ActiveCfg = Release|Any CPU
		{140EBB84-83D0-4436-BBD3-5E31C805C1F7}.Release|Any CPU.Build.0 = Release|Any CPU
		{00190EA7-8076-4FE9-B5FA-F31440EA35AE}.Debug|Any CPU.ActiveCfg = Debug|Any CPU
		{00190EA7-8076-4FE9-B5FA-F31440EA35AE}.Debug|Any CPU.Build.0 = Debug|Any CPU
		{00190EA7-8076-4FE9-B5FA-F31440EA35AE}.Release|Any CPU.ActiveCfg = Release|Any CPU
		{00190EA7-8076-4FE9-B5FA-F31440EA35AE}.Release|Any CPU.Build.0 = Release|Any CPU
		{9D09A09F-2353-42A7-88AF-20892B7B9E32}.Debug|Any CPU.ActiveCfg = Debug|Any CPU
		{9D09A09F-2353-42A7-88AF-20892B7B9E32}.Debug|Any CPU.Build.0 = Debug|Any CPU
		{9D09A09F-2353-42A7-88AF-20892B7B9E32}.Release|Any CPU.ActiveCfg = Release|Any CPU
		{9D09A09F-2353-42A7-88AF-20892B7B9E32}.Release|Any CPU.Build.0 = Release|Any CPU
		{6D346A37-18F9-41B6-B937-93DAA559CF54}.Debug|Any CPU.ActiveCfg = Debug|Any CPU
		{6D346A37-18F9-41B6-B937-93DAA559CF54}.Debug|Any CPU.Build.0 = Debug|Any CPU
		{6D346A37-18F9-41B6-B937-93DAA559CF54}.Release|Any CPU.ActiveCfg = Release|Any CPU
		{6D346A37-18F9-41B6-B937-93DAA559CF54}.Release|Any CPU.Build.0 = Release|Any CPU
		{0CC1B1F7-0D60-46D1-9948-AD66D3E7E82A}.Debug|Any CPU.ActiveCfg = Debug|Any CPU
		{0CC1B1F7-0D60-46D1-9948-AD66D3E7E82A}.Debug|Any CPU.Build.0 = Debug|Any CPU
		{0CC1B1F7-0D60-46D1-9948-AD66D3E7E82A}.Release|Any CPU.ActiveCfg = Release|Any CPU
		{0CC1B1F7-0D60-46D1-9948-AD66D3E7E82A}.Release|Any CPU.Build.0 = Release|Any CPU
		{C33D6710-E3A1-43AD-BC35-A914D07DE2AE}.Debug|Any CPU.ActiveCfg = Debug|Any CPU
		{C33D6710-E3A1-43AD-BC35-A914D07DE2AE}.Debug|Any CPU.Build.0 = Debug|Any CPU
		{C33D6710-E3A1-43AD-BC35-A914D07DE2AE}.Release|Any CPU.ActiveCfg = Release|Any CPU
		{C33D6710-E3A1-43AD-BC35-A914D07DE2AE}.Release|Any CPU.Build.0 = Release|Any CPU
		{65E6ECC9-E2D8-4B3D-B46A-C27E9584DD97}.Debug|Any CPU.ActiveCfg = Debug|Any CPU
		{65E6ECC9-E2D8-4B3D-B46A-C27E9584DD97}.Debug|Any CPU.Build.0 = Debug|Any CPU
		{65E6ECC9-E2D8-4B3D-B46A-C27E9584DD97}.Release|Any CPU.ActiveCfg = Release|Any CPU
		{65E6ECC9-E2D8-4B3D-B46A-C27E9584DD97}.Release|Any CPU.Build.0 = Release|Any CPU
		{5D35FEF2-3FCD-4EFD-B8EC-56C4E7D0F947}.Debug|Any CPU.ActiveCfg = Debug|Any CPU
		{5D35FEF2-3FCD-4EFD-B8EC-56C4E7D0F947}.Debug|Any CPU.Build.0 = Debug|Any CPU
		{5D35FEF2-3FCD-4EFD-B8EC-56C4E7D0F947}.Release|Any CPU.ActiveCfg = Release|Any CPU
		{5D35FEF2-3FCD-4EFD-B8EC-56C4E7D0F947}.Release|Any CPU.Build.0 = Release|Any CPU
		{1BF5CDD9-D406-48D6-820D-34FD13B33E4B}.Debug|Any CPU.ActiveCfg = Debug|Any CPU
		{1BF5CDD9-D406-48D6-820D-34FD13B33E4B}.Debug|Any CPU.Build.0 = Debug|Any CPU
		{1BF5CDD9-D406-48D6-820D-34FD13B33E4B}.Release|Any CPU.ActiveCfg = Release|Any CPU
		{1BF5CDD9-D406-48D6-820D-34FD13B33E4B}.Release|Any CPU.Build.0 = Release|Any CPU
		{3E6DFE09-ECA7-4F6B-92F6-ABECFDD1E7EE}.Debug|Any CPU.ActiveCfg = Debug|Any CPU
		{3E6DFE09-ECA7-4F6B-92F6-ABECFDD1E7EE}.Debug|Any CPU.Build.0 = Debug|Any CPU
		{3E6DFE09-ECA7-4F6B-92F6-ABECFDD1E7EE}.Release|Any CPU.ActiveCfg = Release|Any CPU
		{3E6DFE09-ECA7-4F6B-92F6-ABECFDD1E7EE}.Release|Any CPU.Build.0 = Release|Any CPU
		{A6DF66DC-1A30-4472-B58A-AEA5EF57102B}.Debug|Any CPU.ActiveCfg = Debug|Any CPU
		{A6DF66DC-1A30-4472-B58A-AEA5EF57102B}.Debug|Any CPU.Build.0 = Debug|Any CPU
		{A6DF66DC-1A30-4472-B58A-AEA5EF57102B}.Release|Any CPU.ActiveCfg = Release|Any CPU
		{A6DF66DC-1A30-4472-B58A-AEA5EF57102B}.Release|Any CPU.Build.0 = Release|Any CPU
		{317F7B59-A1D6-4B73-95F7-949E9EC23F8F}.Debug|Any CPU.ActiveCfg = Debug|Any CPU
		{317F7B59-A1D6-4B73-95F7-949E9EC23F8F}.Debug|Any CPU.Build.0 = Debug|Any CPU
		{317F7B59-A1D6-4B73-95F7-949E9EC23F8F}.Release|Any CPU.ActiveCfg = Release|Any CPU
		{317F7B59-A1D6-4B73-95F7-949E9EC23F8F}.Release|Any CPU.Build.0 = Release|Any CPU
		{113F380D-2633-41B4-A61F-F6BAC5D0B9E0}.Debug|Any CPU.ActiveCfg = Debug|Any CPU
		{113F380D-2633-41B4-A61F-F6BAC5D0B9E0}.Debug|Any CPU.Build.0 = Debug|Any CPU
		{113F380D-2633-41B4-A61F-F6BAC5D0B9E0}.Release|Any CPU.ActiveCfg = Release|Any CPU
		{113F380D-2633-41B4-A61F-F6BAC5D0B9E0}.Release|Any CPU.Build.0 = Release|Any CPU
		{C6322675-0099-4F67-AF12-3DEFB794DE13}.Debug|Any CPU.ActiveCfg = Debug|Any CPU
		{C6322675-0099-4F67-AF12-3DEFB794DE13}.Debug|Any CPU.Build.0 = Debug|Any CPU
		{C6322675-0099-4F67-AF12-3DEFB794DE13}.Release|Any CPU.ActiveCfg = Release|Any CPU
		{C6322675-0099-4F67-AF12-3DEFB794DE13}.Release|Any CPU.Build.0 = Release|Any CPU
		{44D0E707-319D-4E9E-A8B0-E6E2AA572571}.Debug|Any CPU.ActiveCfg = Debug|Any CPU
		{44D0E707-319D-4E9E-A8B0-E6E2AA572571}.Debug|Any CPU.Build.0 = Debug|Any CPU
		{44D0E707-319D-4E9E-A8B0-E6E2AA572571}.Release|Any CPU.ActiveCfg = Release|Any CPU
		{44D0E707-319D-4E9E-A8B0-E6E2AA572571}.Release|Any CPU.Build.0 = Release|Any CPU
		{A03CCB6F-BCFA-42C8-A8DD-9ED772600CC1}.Debug|Any CPU.ActiveCfg = Debug|Any CPU
		{A03CCB6F-BCFA-42C8-A8DD-9ED772600CC1}.Debug|Any CPU.Build.0 = Debug|Any CPU
		{A03CCB6F-BCFA-42C8-A8DD-9ED772600CC1}.Release|Any CPU.ActiveCfg = Release|Any CPU
		{A03CCB6F-BCFA-42C8-A8DD-9ED772600CC1}.Release|Any CPU.Build.0 = Release|Any CPU
		{19DC891F-1336-4857-B98E-2D24BE77BAA5}.Debug|Any CPU.ActiveCfg = Debug|Any CPU
		{19DC891F-1336-4857-B98E-2D24BE77BAA5}.Debug|Any CPU.Build.0 = Debug|Any CPU
		{19DC891F-1336-4857-B98E-2D24BE77BAA5}.Release|Any CPU.ActiveCfg = Release|Any CPU
		{19DC891F-1336-4857-B98E-2D24BE77BAA5}.Release|Any CPU.Build.0 = Release|Any CPU
		{08EF9CA5-DC11-48E2-A42A-AC4182C28BB2}.Debug|Any CPU.ActiveCfg = Debug|Any CPU
		{08EF9CA5-DC11-48E2-A42A-AC4182C28BB2}.Debug|Any CPU.Build.0 = Debug|Any CPU
		{08EF9CA5-DC11-48E2-A42A-AC4182C28BB2}.Release|Any CPU.ActiveCfg = Release|Any CPU
		{08EF9CA5-DC11-48E2-A42A-AC4182C28BB2}.Release|Any CPU.Build.0 = Release|Any CPU
		{B9632B86-4A77-4D75-AEE7-16AA850905B1}.Debug|Any CPU.ActiveCfg = Debug|Any CPU
		{B9632B86-4A77-4D75-AEE7-16AA850905B1}.Debug|Any CPU.Build.0 = Debug|Any CPU
		{B9632B86-4A77-4D75-AEE7-16AA850905B1}.Release|Any CPU.ActiveCfg = Release|Any CPU
		{B9632B86-4A77-4D75-AEE7-16AA850905B1}.Release|Any CPU.Build.0 = Release|Any CPU
		{A6FEC9A5-84EF-4629-8D94-8EE5FC9CB332}.Debug|Any CPU.ActiveCfg = Debug|Any CPU
		{A6FEC9A5-84EF-4629-8D94-8EE5FC9CB332}.Debug|Any CPU.Build.0 = Debug|Any CPU
		{A6FEC9A5-84EF-4629-8D94-8EE5FC9CB332}.Release|Any CPU.ActiveCfg = Release|Any CPU
		{A6FEC9A5-84EF-4629-8D94-8EE5FC9CB332}.Release|Any CPU.Build.0 = Release|Any CPU
		{F1B0A50E-680D-4B48-B658-E842D59351B0}.Debug|Any CPU.ActiveCfg = Debug|Any CPU
		{F1B0A50E-680D-4B48-B658-E842D59351B0}.Debug|Any CPU.Build.0 = Debug|Any CPU
		{F1B0A50E-680D-4B48-B658-E842D59351B0}.Release|Any CPU.ActiveCfg = Release|Any CPU
		{F1B0A50E-680D-4B48-B658-E842D59351B0}.Release|Any CPU.Build.0 = Release|Any CPU
		{390EBA54-7B80-4690-A7E1-A2AAA0742013}.Debug|Any CPU.ActiveCfg = Debug|Any CPU
		{390EBA54-7B80-4690-A7E1-A2AAA0742013}.Debug|Any CPU.Build.0 = Debug|Any CPU
		{390EBA54-7B80-4690-A7E1-A2AAA0742013}.Release|Any CPU.ActiveCfg = Release|Any CPU
		{390EBA54-7B80-4690-A7E1-A2AAA0742013}.Release|Any CPU.Build.0 = Release|Any CPU
	EndGlobalSection
	GlobalSection(SolutionProperties) = preSolution
		HideSolutionNode = FALSE
	EndGlobalSection
	GlobalSection(NestedProjects) = preSolution
		{0B3DFB3F-AFEA-48DE-ADB7-870A2A50A3BA} = {3BEC14D5-0940-409C-85BC-2E523CA6E2D1}
		{3E9E4F23-97B4-4543-BEB8-9D580C902401} = {3BEC14D5-0940-409C-85BC-2E523CA6E2D1}
		{D53CE831-2687-4868-97AF-781478212425} = {3E9E4F23-97B4-4543-BEB8-9D580C902401}
		{140EBB84-83D0-4436-BBD3-5E31C805C1F7} = {0B3DFB3F-AFEA-48DE-ADB7-870A2A50A3BA}
		{00190EA7-8076-4FE9-B5FA-F31440EA35AE} = {0B3DFB3F-AFEA-48DE-ADB7-870A2A50A3BA}
		{AB782582-A34F-4BC7-B3CB-5578B13FB9B1} = {3BEC14D5-0940-409C-85BC-2E523CA6E2D1}
		{6D346A37-18F9-41B6-B937-93DAA559CF54} = {AB782582-A34F-4BC7-B3CB-5578B13FB9B1}
		{0CC1B1F7-0D60-46D1-9948-AD66D3E7E82A} = {AB782582-A34F-4BC7-B3CB-5578B13FB9B1}
		{3423BBF0-5157-4140-937E-298AB789CECF} = {0647B6ED-6314-46C3-B659-767E3218491E}
		{00064E0A-C40C-457D-AACB-88C8072F6627} = {0647B6ED-6314-46C3-B659-767E3218491E}
		{27E1DD5E-6723-45F4-B0D5-92A07553E789} = {0647B6ED-6314-46C3-B659-767E3218491E}
		{5D35FEF2-3FCD-4EFD-B8EC-56C4E7D0F947} = {3423BBF0-5157-4140-937E-298AB789CECF}
		{1BF5CDD9-D406-48D6-820D-34FD13B33E4B} = {3423BBF0-5157-4140-937E-298AB789CECF}
		{3E6DFE09-ECA7-4F6B-92F6-ABECFDD1E7EE} = {00064E0A-C40C-457D-AACB-88C8072F6627}
		{A6DF66DC-1A30-4472-B58A-AEA5EF57102B} = {27E1DD5E-6723-45F4-B0D5-92A07553E789}
		{317F7B59-A1D6-4B73-95F7-949E9EC23F8F} = {27E1DD5E-6723-45F4-B0D5-92A07553E789}
		{580F7DA3-EB98-4A35-B852-F34233C2A4F7} = {0605056F-A5B4-492C-9F6C-03B0EE3E094B}
		{113F380D-2633-41B4-A61F-F6BAC5D0B9E0} = {580F7DA3-EB98-4A35-B852-F34233C2A4F7}
		{6AFBAA1B-7234-4A01-8FC9-F9E237A5FA18} = {0605056F-A5B4-492C-9F6C-03B0EE3E094B}
		{C6322675-0099-4F67-AF12-3DEFB794DE13} = {6AFBAA1B-7234-4A01-8FC9-F9E237A5FA18}
		{5F42DD37-606F-4FA9-8379-01727C8CF540} = {0605056F-A5B4-492C-9F6C-03B0EE3E094B}
		{44D0E707-319D-4E9E-A8B0-E6E2AA572571} = {5F42DD37-606F-4FA9-8379-01727C8CF540}
		{A03CCB6F-BCFA-42C8-A8DD-9ED772600CC1} = {5F42DD37-606F-4FA9-8379-01727C8CF540}
		{19DC891F-1336-4857-B98E-2D24BE77BAA5} = {6AFBAA1B-7234-4A01-8FC9-F9E237A5FA18}
		{DA8E9879-6132-4929-972C-95616336B2C1} = {BDD0FE5D-EB5B-4CFD-9B17-E3434BDF3CC4}
		{B9466AE3-430B-4B70-9823-B0EF43EDB799} = {BDD0FE5D-EB5B-4CFD-9B17-E3434BDF3CC4}
		{C1DE10A6-7887-41F3-906A-7E7E0A5605E2} = {BDD0FE5D-EB5B-4CFD-9B17-E3434BDF3CC4}
		{08EF9CA5-DC11-48E2-A42A-AC4182C28BB2} = {B9466AE3-430B-4B70-9823-B0EF43EDB799}
		{B9632B86-4A77-4D75-AEE7-16AA850905B1} = {B9466AE3-430B-4B70-9823-B0EF43EDB799}
		{A6FEC9A5-84EF-4629-8D94-8EE5FC9CB332} = {C1DE10A6-7887-41F3-906A-7E7E0A5605E2}
		{F1B0A50E-680D-4B48-B658-E842D59351B0} = {DA8E9879-6132-4929-972C-95616336B2C1}
		{390EBA54-7B80-4690-A7E1-A2AAA0742013} = {C1DE10A6-7887-41F3-906A-7E7E0A5605E2}
	EndGlobalSection
	GlobalSection(ExtensibilityGlobals) = postSolution
		SolutionGuid = {711AD918-83E2-4B9E-B6BC-458A7CF6DA2C}
	EndGlobalSection
EndGlobal
